
Microsoft Visual Studio Solution File, Format Version 12.00
# Visual Studio Version 16
VisualStudioVersion = 16.0.31129.286
MinimumVisualStudioVersion = 10.0.40219.1
Project("{9A19103F-16F7-4668-BE54-9A1E7A4F7556}") = "GraphsImplementation", "GraphsImplementation\GraphsImplementation.csproj", "{6BC2E1FF-A44B-40C0-A40C-C57A308F0A36}"
EndProject
Project("{2150E333-8FDC-42A3-9474-1A3956D46DE8}") = "Solution Items", "Solution Items", "{69D58308-A4E8-4E89-BF25-37D912442EC6}"
EndProject
Global
	GlobalSection(SolutionConfigurationPlatforms) = preSolution
		Debug|Any CPU = Debug|Any CPU
		Release|Any CPU = Release|Any CPU
	EndGlobalSection
	GlobalSection(ProjectConfigurationPlatforms) = postSolution
		{6BC2E1FF-A44B-40C0-A40C-C57A308F0A36}.Debug|Any CPU.ActiveCfg = Debug|Any CPU
		{6BC2E1FF-A44B-40C0-A40C-C57A308F0A36}.Debug|Any CPU.Build.0 = Debug|Any CPU
		{6BC2E1FF-A44B-40C0-A40C-C57A308F0A36}.Release|Any CPU.ActiveCfg = Release|Any CPU
		{6BC2E1FF-A44B-40C0-A40C-C57A308F0A36}.Release|Any CPU.Build.0 = Release|Any CPU
	EndGlobalSection
	GlobalSection(SolutionProperties) = preSolution
		HideSolutionNode = FALSE
	EndGlobalSection
	GlobalSection(ExtensibilityGlobals) = postSolution
		SolutionGuid = {F7ACC07C-B77C-4286-B81A-AF62C511038F}
	EndGlobalSection
EndGlobal
